// !$*UTF8*$!
{
	archiveVersion = 1;
	classes = {
	};
	objectVersion = 50;
	objects = {

/* Begin PBXBuildFile section */
		D40516702496D32B00E803DD /* BottomPanelMenuView.swift in Sources */ = {isa = PBXBuildFile; fileRef = D405166F2496D32B00E803DD /* BottomPanelMenuView.swift */; };
		D4449FB22496C3FC0060704D /* AppDelegate.swift in Sources */ = {isa = PBXBuildFile; fileRef = D4449FB12496C3FC0060704D /* AppDelegate.swift */; };
		D4449FB42496C3FC0060704D /* SceneDelegate.swift in Sources */ = {isa = PBXBuildFile; fileRef = D4449FB32496C3FC0060704D /* SceneDelegate.swift */; };
		D4449FB62496C3FC0060704D /* ViewController.swift in Sources */ = {isa = PBXBuildFile; fileRef = D4449FB52496C3FC0060704D /* ViewController.swift */; };
		D4449FB92496C3FC0060704D /* Main.storyboard in Resources */ = {isa = PBXBuildFile; fileRef = D4449FB72496C3FC0060704D /* Main.storyboard */; };
		D4449FBB2496C4000060704D /* Assets.xcassets in Resources */ = {isa = PBXBuildFile; fileRef = D4449FBA2496C4000060704D /* Assets.xcassets */; };
		D4449FBE2496C4000060704D /* LaunchScreen.storyboard in Resources */ = {isa = PBXBuildFile; fileRef = D4449FBC2496C4000060704D /* LaunchScreen.storyboard */; };
		D4449FCD2496C56F0060704D /* BottomPanelMenuView.xib in Resources */ = {isa = PBXBuildFile; fileRef = D4449FCB2496C56F0060704D /* BottomPanelMenuView.xib */; };
		D4449FCF2496C8500060704D /* Constants.swift in Sources */ = {isa = PBXBuildFile; fileRef = D4449FCE2496C8500060704D /* Constants.swift */; };
		D4449FD12496C9260060704D /* AddTaskView.swift in Sources */ = {isa = PBXBuildFile; fileRef = D4449FD02496C9260060704D /* AddTaskView.swift */; };
		D4449FD42496C94F0060704D /* AddTaskView.xib in Resources */ = {isa = PBXBuildFile; fileRef = D4449FD32496C94E0060704D /* AddTaskView.xib */; };
/* End PBXBuildFile section */

/* Begin PBXFileReference section */
		D405166F2496D32B00E803DD /* BottomPanelMenuView.swift */ = {isa = PBXFileReference; lastKnownFileType = sourcecode.swift; path = BottomPanelMenuView.swift; sourceTree = "<group>"; };
		D4449FAE2496C3FC0060704D /* Simple Pomodoro.app */ = {isa = PBXFileReference; explicitFileType = wrapper.application; includeInIndex = 0; path = "Simple Pomodoro.app"; sourceTree = BUILT_PRODUCTS_DIR; };
		D4449FB12496C3FC0060704D /* AppDelegate.swift */ = {isa = PBXFileReference; lastKnownFileType = sourcecode.swift; path = AppDelegate.swift; sourceTree = "<group>"; };
		D4449FB32496C3FC0060704D /* SceneDelegate.swift */ = {isa = PBXFileReference; lastKnownFileType = sourcecode.swift; path = SceneDelegate.swift; sourceTree = "<group>"; };
		D4449FB52496C3FC0060704D /* ViewController.swift */ = {isa = PBXFileReference; lastKnownFileType = sourcecode.swift; path = ViewController.swift; sourceTree = "<group>"; };
		D4449FB82496C3FC0060704D /* Base */ = {isa = PBXFileReference; lastKnownFileType = file.storyboard; name = Base; path = Base.lproj/Main.storyboard; sourceTree = "<group>"; };
		D4449FBA2496C4000060704D /* Assets.xcassets */ = {isa = PBXFileReference; lastKnownFileType = folder.assetcatalog; path = Assets.xcassets; sourceTree = "<group>"; };
		D4449FBD2496C4000060704D /* Base */ = {isa = PBXFileReference; lastKnownFileType = file.storyboard; name = Base; path = Base.lproj/LaunchScreen.storyboard; sourceTree = "<group>"; };
		D4449FBF2496C4000060704D /* Info.plist */ = {isa = PBXFileReference; lastKnownFileType = text.plist.xml; path = Info.plist; sourceTree = "<group>"; };
		D4449FCB2496C56F0060704D /* BottomPanelMenuView.xib */ = {isa = PBXFileReference; lastKnownFileType = file.xib; path = BottomPanelMenuView.xib; sourceTree = "<group>"; };
		D4449FCE2496C8500060704D /* Constants.swift */ = {isa = PBXFileReference; lastKnownFileType = sourcecode.swift; path = Constants.swift; sourceTree = "<group>"; };
		D4449FD02496C9260060704D /* AddTaskView.swift */ = {isa = PBXFileReference; lastKnownFileType = sourcecode.swift; path = AddTaskView.swift; sourceTree = "<group>"; };
		D4449FD32496C94E0060704D /* AddTaskView.xib */ = {isa = PBXFileReference; lastKnownFileType = file.xib; path = AddTaskView.xib; sourceTree = "<group>"; };
/* End PBXFileReference section */

/* Begin PBXFrameworksBuildPhase section */
		D4449FAB2496C3FC0060704D /* Frameworks */ = {
			isa = PBXFrameworksBuildPhase;
			buildActionMask = 2147483647;
			files = (
			);
			runOnlyForDeploymentPostprocessing = 0;
		};
/* End PBXFrameworksBuildPhase section */

/* Begin PBXGroup section */
		D40516712496D83200E803DD /* Utils */ = {
			isa = PBXGroup;
			children = (
				D4449FCE2496C8500060704D /* Constants.swift */,
			);
			path = Utils;
			sourceTree = "<group>";
		};
		D4449FA52496C3FC0060704D = {
			isa = PBXGroup;
			children = (
				D4449FB02496C3FC0060704D /* Simple Pomodoro */,
				D4449FAF2496C3FC0060704D /* Products */,
			);
			sourceTree = "<group>";
		};
		D4449FAF2496C3FC0060704D /* Products */ = {
			isa = PBXGroup;
			children = (
				D4449FAE2496C3FC0060704D /* Simple Pomodoro.app */,
			);
			name = Products;
			sourceTree = "<group>";
		};
		D4449FB02496C3FC0060704D /* Simple Pomodoro */ = {
			isa = PBXGroup;
			children = (
				D4449FC72496C41D0060704D /* Controller */,
				D4449FC62496C4170060704D /* View */,
				D4449FC52496C4050060704D /* Model */,
				D4449FB12496C3FC0060704D /* AppDelegate.swift */,
				D4449FB32496C3FC0060704D /* SceneDelegate.swift */,
				D4449FB52496C3FC0060704D /* ViewController.swift */,
				D4449FB72496C3FC0060704D /* Main.storyboard */,
				D4449FBA2496C4000060704D /* Assets.xcassets */,
				D4449FBC2496C4000060704D /* LaunchScreen.storyboard */,
				D4449FBF2496C4000060704D /* Info.plist */,
			);
			path = "Simple Pomodoro";
			sourceTree = "<group>";
		};
		D4449FC52496C4050060704D /* Model */ = {
			isa = PBXGroup;
			children = (
				D40516712496D83200E803DD /* Utils */,
			);
			path = Model;
			sourceTree = "<group>";
		};
		D4449FC62496C4170060704D /* View */ = {
			isa = PBXGroup;
			children = (
				D4449FC82496C5440060704D /* Bottom Panel Menu */,
			);
			path = View;
			sourceTree = "<group>";
		};
		D4449FC72496C41D0060704D /* Controller */ = {
			isa = PBXGroup;
			children = (
			);
			path = Controller;
			sourceTree = "<group>";
		};
		D4449FC82496C5440060704D /* Bottom Panel Menu */ = {
			isa = PBXGroup;
			children = (
				D4449FD22496C93D0060704D /* AddTask */,
				D4449FCB2496C56F0060704D /* BottomPanelMenuView.xib */,
				D405166F2496D32B00E803DD /* BottomPanelMenuView.swift */,
			);
			path = "Bottom Panel Menu";
			sourceTree = "<group>";
		};
		D4449FD22496C93D0060704D /* AddTask */ = {
			isa = PBXGroup;
			children = (
				D4449FD02496C9260060704D /* AddTaskView.swift */,
				D4449FD32496C94E0060704D /* AddTaskView.xib */,
			);
			path = AddTask;
			sourceTree = "<group>";
		};
/* End PBXGroup section */

/* Begin PBXNativeTarget section */
		D4449FAD2496C3FC0060704D /* Simple Pomodoro */ = {
			isa = PBXNativeTarget;
			buildConfigurationList = D4449FC22496C4000060704D /* Build configuration list for PBXNativeTarget "Simple Pomodoro" */;
			buildPhases = (
				D4449FAA2496C3FC0060704D /* Sources */,
				D4449FAB2496C3FC0060704D /* Frameworks */,
				D4449FAC2496C3FC0060704D /* Resources */,
			);
			buildRules = (
			);
			dependencies = (
			);
			name = "Simple Pomodoro";
			productName = "Simple Pomodoro";
			productReference = D4449FAE2496C3FC0060704D /* Simple Pomodoro.app */;
			productType = "com.apple.product-type.application";
		};
/* End PBXNativeTarget section */

/* Begin PBXProject section */
		D4449FA62496C3FC0060704D /* Project object */ = {
			isa = PBXProject;
			attributes = {
				LastSwiftUpdateCheck = 1140;
				LastUpgradeCheck = 1140;
				ORGANIZATIONNAME = "Alejandro Mendoza";
				TargetAttributes = {
					D4449FAD2496C3FC0060704D = {
						CreatedOnToolsVersion = 11.4.1;
					};
				};
			};
			buildConfigurationList = D4449FA92496C3FC0060704D /* Build configuration list for PBXProject "Simple Pomodoro" */;
			compatibilityVersion = "Xcode 9.3";
			developmentRegion = en;
			hasScannedForEncodings = 0;
			knownRegions = (
				en,
				Base,
			);
			mainGroup = D4449FA52496C3FC0060704D;
			productRefGroup = D4449FAF2496C3FC0060704D /* Products */;
			projectDirPath = "";
			projectRoot = "";
			targets = (
				D4449FAD2496C3FC0060704D /* Simple Pomodoro */,
			);
		};
/* End PBXProject section */

/* Begin PBXResourcesBuildPhase section */
		D4449FAC2496C3FC0060704D /* Resources */ = {
			isa = PBXResourcesBuildPhase;
			buildActionMask = 2147483647;
			files = (
				D4449FBE2496C4000060704D /* LaunchScreen.storyboard in Resources */,
				D4449FCD2496C56F0060704D /* BottomPanelMenuView.xib in Resources */,
				D4449FD42496C94F0060704D /* AddTaskView.xib in Resources */,
				D4449FBB2496C4000060704D /* Assets.xcassets in Resources */,
				D4449FB92496C3FC0060704D /* Main.storyboard in Resources */,
			);
			runOnlyForDeploymentPostprocessing = 0;
		};
/* End PBXResourcesBuildPhase section */

/* Begin PBXSourcesBuildPhase section */
		D4449FAA2496C3FC0060704D /* Sources */ = {
			isa = PBXSourcesBuildPhase;
			buildActionMask = 2147483647;
			files = (
				D4449FCF2496C8500060704D /* Constants.swift in Sources */,
				D40516702496D32B00E803DD /* BottomPanelMenuView.swift in Sources */,
				D4449FB62496C3FC0060704D /* ViewController.swift in Sources */,
				D4449FB22496C3FC0060704D /* AppDelegate.swift in Sources */,
				D4449FD12496C9260060704D /* AddTaskView.swift in Sources */,
				D4449FB42496C3FC0060704D /* SceneDelegate.swift in Sources */,
			);
			runOnlyForDeploymentPostprocessing = 0;
		};
/* End PBXSourcesBuildPhase section */

/* Begin PBXVariantGroup section */
		D4449FB72496C3FC0060704D /* Main.storyboard */ = {
			isa = PBXVariantGroup;
			children = (
				D4449FB82496C3FC0060704D /* Base */,
			);
			name = Main.storyboard;
			sourceTree = "<group>";
		};
		D4449FBC2496C4000060704D /* LaunchScreen.storyboard */ = {
			isa = PBXVariantGroup;
			children = (
				D4449FBD2496C4000060704D /* Base */,
			);
			name = LaunchScreen.storyboard;
			sourceTree = "<group>";
		};
/* End PBXVariantGroup section */

/* Begin XCBuildConfiguration section */
		D4449FC02496C4000060704D /* Debug */ = {
			isa = XCBuildConfiguration;
			buildSettings = {
				ALWAYS_SEARCH_USER_PATHS = NO;
				CLANG_ANALYZER_NONNULL = YES;
				CLANG_ANALYZER_NUMBER_OBJECT_CONVERSION = YES_AGGRESSIVE;
				CLANG_CXX_LANGUAGE_STANDARD = "gnu++14";
				CLANG_CXX_LIBRARY = "libc++";
				CLANG_ENABLE_MODULES = YES;
				CLANG_ENABLE_OBJC_ARC = YES;
				CLANG_ENABLE_OBJC_WEAK = YES;
				CLANG_WARN_BLOCK_CAPTURE_AUTORELEASING = YES;
				CLANG_WARN_BOOL_CONVERSION = YES;
				CLANG_WARN_COMMA = YES;
				CLANG_WARN_CONSTANT_CONVERSION = YES;
				CLANG_WARN_DEPRECATED_OBJC_IMPLEMENTATIONS = YES;
				CLANG_WARN_DIRECT_OBJC_ISA_USAGE = YES_ERROR;
				CLANG_WARN_DOCUMENTATION_COMMENTS = YES;
				CLANG_WARN_EMPTY_BODY = YES;
				CLANG_WARN_ENUM_CONVERSION = YES;
				CLANG_WARN_INFINITE_RECURSION = YES;
				CLANG_WARN_INT_CONVERSION = YES;
				CLANG_WARN_NON_LITERAL_NULL_CONVERSION = YES;
				CLANG_WARN_OBJC_IMPLICIT_RETAIN_SELF = YES;
				CLANG_WARN_OBJC_LITERAL_CONVERSION = YES;
				CLANG_WARN_OBJC_ROOT_CLASS = YES_ERROR;
				CLANG_WARN_RANGE_LOOP_ANALYSIS = YES;
				CLANG_WARN_STRICT_PROTOTYPES = YES;
				CLANG_WARN_SUSPICIOUS_MOVE = YES;
				CLANG_WARN_UNGUARDED_AVAILABILITY = YES_AGGRESSIVE;
				CLANG_WARN_UNREACHABLE_CODE = YES;
				CLANG_WARN__DUPLICATE_METHOD_MATCH = YES;
				COPY_PHASE_STRIP = NO;
				DEBUG_INFORMATION_FORMAT = dwarf;
				ENABLE_STRICT_OBJC_MSGSEND = YES;
				ENABLE_TESTABILITY = YES;
				GCC_C_LANGUAGE_STANDARD = gnu11;
				GCC_DYNAMIC_NO_PIC = NO;
				GCC_NO_COMMON_BLOCKS = YES;
				GCC_OPTIMIZATION_LEVEL = 0;
				GCC_PREPROCESSOR_DEFINITIONS = (
					"DEBUG=1",
					"$(inherited)",
				);
				GCC_WARN_64_TO_32_BIT_CONVERSION = YES;
				GCC_WARN_ABOUT_RETURN_TYPE = YES_ERROR;
				GCC_WARN_UNDECLARED_SELECTOR = YES;
				GCC_WARN_UNINITIALIZED_AUTOS = YES_AGGRESSIVE;
				GCC_WARN_UNUSED_FUNCTION = YES;
				GCC_WARN_UNUSED_VARIABLE = YES;
				IPHONEOS_DEPLOYMENT_TARGET = 13.4;
				MTL_ENABLE_DEBUG_INFO = INCLUDE_SOURCE;
				MTL_FAST_MATH = YES;
				ONLY_ACTIVE_ARCH = YES;
				SDKROOT = iphoneos;
				SWIFT_ACTIVE_COMPILATION_CONDITIONS = DEBUG;
				SWIFT_OPTIMIZATION_LEVEL = "-Onone";
			};
			name = Debug;
		};
		D4449FC12496C4000060704D /* Release */ = {
			isa = XCBuildConfiguration;
			buildSettings = {
				ALWAYS_SEARCH_USER_PATHS = NO;
				CLANG_ANALYZER_NONNULL = YES;
				CLANG_ANALYZER_NUMBER_OBJECT_CONVERSION = YES_AGGRESSIVE;
				CLANG_CXX_LANGUAGE_STANDARD = "gnu++14";
				CLANG_CXX_LIBRARY = "libc++";
				CLANG_ENABLE_MODULES = YES;
				CLANG_ENABLE_OBJC_ARC = YES;
				CLANG_ENABLE_OBJC_WEAK = YES;
				CLANG_WARN_BLOCK_CAPTURE_AUTORELEASING = YES;
				CLANG_WARN_BOOL_CONVERSION = YES;
				CLANG_WARN_COMMA = YES;
				CLANG_WARN_CONSTANT_CONVERSION = YES;
				CLANG_WARN_DEPRECATED_OBJC_IMPLEMENTATIONS = YES;
				CLANG_WARN_DIRECT_OBJC_ISA_USAGE = YES_ERROR;
				CLANG_WARN_DOCUMENTATION_COMMENTS = YES;
				CLANG_WARN_EMPTY_BODY = YES;
				CLANG_WARN_ENUM_CONVERSION = YES;
				CLANG_WARN_INFINITE_RECURSION = YES;
				CLANG_WARN_INT_CONVERSION = YES;
				CLANG_WARN_NON_LITERAL_NULL_CONVERSION = YES;
				CLANG_WARN_OBJC_IMPLICIT_RETAIN_SELF = YES;
				CLANG_WARN_OBJC_LITERAL_CONVERSION = YES;
				CLANG_WARN_OBJC_ROOT_CLASS = YES_ERROR;
				CLANG_WARN_RANGE_LOOP_ANALYSIS = YES;
				CLANG_WARN_STRICT_PROTOTYPES = YES;
				CLANG_WARN_SUSPICIOUS_MOVE = YES;
				CLANG_WARN_UNGUARDED_AVAILABILITY = YES_AGGRESSIVE;
				CLANG_WARN_UNREACHABLE_CODE = YES;
				CLANG_WARN__DUPLICATE_METHOD_MATCH = YES;
				COPY_PHASE_STRIP = NO;
				DEBUG_INFORMATION_FORMAT = "dwarf-with-dsym";
				ENABLE_NS_ASSERTIONS = NO;
				ENABLE_STRICT_OBJC_MSGSEND = YES;
				GCC_C_LANGUAGE_STANDARD = gnu11;
				GCC_NO_COMMON_BLOCKS = YES;
				GCC_WARN_64_TO_32_BIT_CONVERSION = YES;
				GCC_WARN_ABOUT_RETURN_TYPE = YES_ERROR;
				GCC_WARN_UNDECLARED_SELECTOR = YES;
				GCC_WARN_UNINITIALIZED_AUTOS = YES_AGGRESSIVE;
				GCC_WARN_UNUSED_FUNCTION = YES;
				GCC_WARN_UNUSED_VARIABLE = YES;
				IPHONEOS_DEPLOYMENT_TARGET = 13.4;
				MTL_ENABLE_DEBUG_INFO = NO;
				MTL_FAST_MATH = YES;
				SDKROOT = iphoneos;
				SWIFT_COMPILATION_MODE = wholemodule;
				SWIFT_OPTIMIZATION_LEVEL = "-O";
				VALIDATE_PRODUCT = YES;
			};
			name = Release;
		};
		D4449FC32496C4000060704D /* Debug */ = {
			isa = XCBuildConfiguration;
			buildSettings = {
				ASSETCATALOG_COMPILER_APPICON_NAME = AppIcon;
				CODE_SIGN_STYLE = Automatic;
				DEVELOPMENT_TEAM = 59JWRUY5S9;
				INFOPLIST_FILE = "Simple Pomodoro/Info.plist";
				LD_RUNPATH_SEARCH_PATHS = (
					"$(inherited)",
					"@executable_path/Frameworks",
				);
				PRODUCT_BUNDLE_IDENTIFIER = "com.zippi.Simple-Pomodoro";
				PRODUCT_NAME = "$(TARGET_NAME)";
				SWIFT_VERSION = 5.0;
				TARGETED_DEVICE_FAMILY = "1,2";
			};
			name = Debug;
		};
		D4449FC42496C4000060704D /* Release */ = {
			isa = XCBuildConfiguration;
			buildSettings = {
				ASSETCATALOG_COMPILER_APPICON_NAME = AppIcon;
				CODE_SIGN_STYLE = Automatic;
				DEVELOPMENT_TEAM = 59JWRUY5S9;
				INFOPLIST_FILE = "Simple Pomodoro/Info.plist";
				LD_RUNPATH_SEARCH_PATHS = (
					"$(inherited)",
					"@executable_path/Frameworks",
				);
				PRODUCT_BUNDLE_IDENTIFIER = "com.zippi.Simple-Pomodoro";
				PRODUCT_NAME = "$(TARGET_NAME)";
				SWIFT_VERSION = 5.0;
				TARGETED_DEVICE_FAMILY = "1,2";
			};
			name = Release;
		};
/* End XCBuildConfiguration section */

/* Begin XCConfigurationList section */
		D4449FA92496C3FC0060704D /* Build configuration list for PBXProject "Simple Pomodoro" */ = {
			isa = XCConfigurationList;
			buildConfigurations = (
				D4449FC02496C4000060704D /* Debug */,
				D4449FC12496C4000060704D /* Release */,
			);
			defaultConfigurationIsVisible = 0;
			defaultConfigurationName = Release;
		};
		D4449FC22496C4000060704D /* Build configuration list for PBXNativeTarget "Simple Pomodoro" */ = {
			isa = XCConfigurationList;
			buildConfigurations = (
				D4449FC32496C4000060704D /* Debug */,
				D4449FC42496C4000060704D /* Release */,
			);
			defaultConfigurationIsVisible = 0;
			defaultConfigurationName = Release;
		};
/* End XCConfigurationList section */
	};
	rootObject = D4449FA62496C3FC0060704D /* Project object */;
}
